{
  "name": "no.linja.nettleie",
  "version": "1.0.0",
  "lockfileVersion": 3,
  "requires": true,
  "packages": {
    "": {
      "name": "no.linja.nettleie",
      "version": "1.0.0",
      "devDependencies": {
        "@types/homey": "npm:homey-apps-sdk-v3-types@^0.3.10"
      }
    },
    "node_modules/@types/homey": {
      "name": "homey-apps-sdk-v3-types",
      "version": "0.3.10",
      "resolved": "https://registry.npmjs.org/homey-apps-sdk-v3-types/-/homey-apps-sdk-v3-types-0.3.10.tgz",
      "integrity": "sha512-vkoDgPoDsVIK+Am/5rNIa32hVB3q7vlTCD2ECZ2Qd8XAHfoKU3yETaXsP5+owrHQGJ+Gw7C/J54Ae2yQAlOAyQ==",
      "dev": true,
      "dependencies": {
        "@types/node": "^14.14.20"
      }
    },
    "node_modules/@types/node": {
      "version": "14.18.63",
      "resolved": "https://registry.npmjs.org/@types/node/-/node-14.18.63.tgz",
      "integrity": "sha512-fAtCfv4jJg+ExtXhvCkCqUKZ+4ok/JQk01qDKhL5BDDoS3AxKXhV5/MAVUZyQnSEd2GT92fkgZl0pz0Q0AzcIQ==",
      "dev": true
    }
  }
}
